
Microsoft Visual Studio Solution File, Format Version 12.00
# Visual Studio Version 17
VisualStudioVersion = 17.1.32421.90
MinimumVisualStudioVersion = 10.0.40219.1
Project("{FAE04EC0-301F-11D3-BF4B-00C04F79EFBC}") = "carousel", "carousel\carousel.csproj", "{22385FB0-46C0-4AA7-A71D-A53E23B2D59A}"
EndProject
Global
	GlobalSection(SolutionConfigurationPlatforms) = preSolution
		Debug|Any CPU = Debug|Any CPU
		Release|Any CPU = Release|Any CPU
	EndGlobalSection
	GlobalSection(ProjectConfigurationPlatforms) = postSolution
		{22385FB0-46C0-4AA7-A71D-A53E23B2D59A}.Debug|Any CPU.ActiveCfg = Debug|Any CPU
		{22385FB0-46C0-4AA7-A71D-A53E23B2D59A}.Debug|Any CPU.Build.0 = Debug|Any CPU
		{22385FB0-46C0-4AA7-A71D-A53E23B2D59A}.Release|Any CPU.ActiveCfg = Release|Any CPU
		{22385FB0-46C0-4AA7-A71D-A53E23B2D59A}.Release|Any CPU.Build.0 = Release|Any CPU
	EndGlobalSection
	GlobalSection(SolutionProperties) = preSolution
		HideSolutionNode = FALSE
	EndGlobalSection
	GlobalSection(ExtensibilityGlobals) = postSolution
		SolutionGuid = {859CB7DA-4AB1-4C13-ADB4-360BB2FD6CD5}
	EndGlobalSection
EndGlobal
